
Microsoft Visual Studio Solution File, Format Version 12.00
# Visual Studio 15
VisualStudioVersion = 15.0.27703.2035
MinimumVisualStudioVersion = 10.0.40219.1
Project("{FAE04EC0-301F-11D3-BF4B-00C04F79EFBC}") = "PCUITraining", "PCUITraining\PCUITraining.csproj", "{05B66D11-1DA6-4FA0-8437-F71C85DB0C87}"
EndProject
Global
	GlobalSection(SolutionConfigurationPlatforms) = preSolution
		Debug|Any CPU = Debug|Any CPU
		Release|Any CPU = Release|Any CPU
	EndGlobalSection
	GlobalSection(ProjectConfigurationPlatforms) = postSolution
		{05B66D11-1DA6-4FA0-8437-F71C85DB0C87}.Debug|Any CPU.ActiveCfg = Debug|Any CPU
		{05B66D11-1DA6-4FA0-8437-F71C85DB0C87}.Debug|Any CPU.Build.0 = Debug|Any CPU
		{05B66D11-1DA6-4FA0-8437-F71C85DB0C87}.Release|Any CPU.ActiveCfg = Release|Any CPU
		{05B66D11-1DA6-4FA0-8437-F71C85DB0C87}.Release|Any CPU.Build.0 = Release|Any CPU
	EndGlobalSection
	GlobalSection(SolutionProperties) = preSolution
		HideSolutionNode = FALSE
	EndGlobalSection
	GlobalSection(ExtensibilityGlobals) = postSolution
		SolutionGuid = {0DFA932D-B81A-41C6-BCAA-A6BC71AE0E17}
	EndGlobalSection
EndGlobal
