
Microsoft Visual Studio Solution File, Format Version 12.00
# Visual Studio 15
VisualStudioVersion = 15.0.27703.2035
MinimumVisualStudioVersion = 10.0.40219.1
Project("{FAE04EC0-301F-11D3-BF4B-00C04F79EFBC}") = "PCUITraining", "PCUITraining\PCUITraining.csproj", "{CA5AE013-FAA7-4636-9CCF-B11D86F92C1D}"
EndProject
Project("{FAE04EC0-301F-11D3-BF4B-00C04F79EFBC}") = "TypingExercise", "TypingExercise\TypingExercise.csproj", "{A652E426-0777-427F-AB78-4AFA03E444BB}"
EndProject
Project("{FAE04EC0-301F-11D3-BF4B-00C04F79EFBC}") = "PCUITCommon", "PCUITCommon\PCUITCommon.csproj", "{57BD4808-A2CE-4246-A2EA-2076EFF7540C}"
EndProject
Project("{FAE04EC0-301F-11D3-BF4B-00C04F79EFBC}") = "Common", "Common\Common.csproj", "{8D9EED30-B3E4-4BE1-9DA3-F38C0E887216}"
EndProject
Project("{FAE04EC0-301F-11D3-BF4B-00C04F79EFBC}") = "MouseExercise", "MouseExercise\MouseExercise.csproj", "{E3A6D750-5BFD-46EC-82DD-53C7C7305582}"
EndProject
Project("{FAE04EC0-301F-11D3-BF4B-00C04F79EFBC}") = "TextInputExercise", "TextInputExercise\TextInputExercise.csproj", "{0F305B6A-C789-467D-9181-6241AA0B8BD8}"
EndProject
Global
	GlobalSection(SolutionConfigurationPlatforms) = preSolution
		Debug|Any CPU = Debug|Any CPU
		Release|Any CPU = Release|Any CPU
	EndGlobalSection
	GlobalSection(ProjectConfigurationPlatforms) = postSolution
		{CA5AE013-FAA7-4636-9CCF-B11D86F92C1D}.Debug|Any CPU.ActiveCfg = Debug|Any CPU
		{CA5AE013-FAA7-4636-9CCF-B11D86F92C1D}.Debug|Any CPU.Build.0 = Debug|Any CPU
		{CA5AE013-FAA7-4636-9CCF-B11D86F92C1D}.Release|Any CPU.ActiveCfg = Release|Any CPU
		{CA5AE013-FAA7-4636-9CCF-B11D86F92C1D}.Release|Any CPU.Build.0 = Release|Any CPU
		{A652E426-0777-427F-AB78-4AFA03E444BB}.Debug|Any CPU.ActiveCfg = Debug|Any CPU
		{A652E426-0777-427F-AB78-4AFA03E444BB}.Debug|Any CPU.Build.0 = Debug|Any CPU
		{A652E426-0777-427F-AB78-4AFA03E444BB}.Release|Any CPU.ActiveCfg = Release|Any CPU
		{A652E426-0777-427F-AB78-4AFA03E444BB}.Release|Any CPU.Build.0 = Release|Any CPU
		{57BD4808-A2CE-4246-A2EA-2076EFF7540C}.Debug|Any CPU.ActiveCfg = Debug|Any CPU
		{57BD4808-A2CE-4246-A2EA-2076EFF7540C}.Debug|Any CPU.Build.0 = Debug|Any CPU
		{57BD4808-A2CE-4246-A2EA-2076EFF7540C}.Release|Any CPU.ActiveCfg = Release|Any CPU
		{57BD4808-A2CE-4246-A2EA-2076EFF7540C}.Release|Any CPU.Build.0 = Release|Any CPU
		{8D9EED30-B3E4-4BE1-9DA3-F38C0E887216}.Debug|Any CPU.ActiveCfg = Debug|Any CPU
		{8D9EED30-B3E4-4BE1-9DA3-F38C0E887216}.Debug|Any CPU.Build.0 = Debug|Any CPU
		{8D9EED30-B3E4-4BE1-9DA3-F38C0E887216}.Release|Any CPU.ActiveCfg = Release|Any CPU
		{8D9EED30-B3E4-4BE1-9DA3-F38C0E887216}.Release|Any CPU.Build.0 = Release|Any CPU
		{E3A6D750-5BFD-46EC-82DD-53C7C7305582}.Debug|Any CPU.ActiveCfg = Debug|Any CPU
		{E3A6D750-5BFD-46EC-82DD-53C7C7305582}.Debug|Any CPU.Build.0 = Debug|Any CPU
		{E3A6D750-5BFD-46EC-82DD-53C7C7305582}.Release|Any CPU.ActiveCfg = Release|Any CPU
		{E3A6D750-5BFD-46EC-82DD-53C7C7305582}.Release|Any CPU.Build.0 = Release|Any CPU
		{0F305B6A-C789-467D-9181-6241AA0B8BD8}.Debug|Any CPU.ActiveCfg = Debug|Any CPU
		{0F305B6A-C789-467D-9181-6241AA0B8BD8}.Debug|Any CPU.Build.0 = Debug|Any CPU
		{0F305B6A-C789-467D-9181-6241AA0B8BD8}.Release|Any CPU.ActiveCfg = Release|Any CPU
		{0F305B6A-C789-467D-9181-6241AA0B8BD8}.Release|Any CPU.Build.0 = Release|Any CPU
	EndGlobalSection
	GlobalSection(SolutionProperties) = preSolution
		HideSolutionNode = FALSE
	EndGlobalSection
	GlobalSection(ExtensibilityGlobals) = postSolution
		SolutionGuid = {EAF6E1FF-3B19-4B6F-A0C0-29D8077A2741}
	EndGlobalSection
EndGlobal
